
Microsoft Visual Studio Solution File, Format Version 12.00
# Visual Studio Version 17
VisualStudioVersion = 17.0.31903.59
MinimumVisualStudioVersion = 10.0.40219.1
Project("{FAE04EC0-301F-11D3-BF4B-00C04F79EFBC}") = "Task 2.2.1", "Task 2.2.1\Task 2.2.1.csproj", "{2243E3D5-BBE5-4799-82A7-0E04B3B7582F}"
EndProject
Global
	GlobalSection(SolutionConfigurationPlatforms) = preSolution
		Debug|Any CPU = Debug|Any CPU
		Release|Any CPU = Release|Any CPU
	EndGlobalSection
	GlobalSection(ProjectConfigurationPlatforms) = postSolution
		{2243E3D5-BBE5-4799-82A7-0E04B3B7582F}.Debug|Any CPU.ActiveCfg = Debug|Any CPU
		{2243E3D5-BBE5-4799-82A7-0E04B3B7582F}.Debug|Any CPU.Build.0 = Debug|Any CPU
		{2243E3D5-BBE5-4799-82A7-0E04B3B7582F}.Release|Any CPU.ActiveCfg = Release|Any CPU
		{2243E3D5-BBE5-4799-82A7-0E04B3B7582F}.Release|Any CPU.Build.0 = Release|Any CPU
	EndGlobalSection
	GlobalSection(SolutionProperties) = preSolution
		HideSolutionNode = FALSE
	EndGlobalSection
	GlobalSection(ExtensibilityGlobals) = postSolution
		SolutionGuid = {8DA6319B-B040-4C79-8DA8-D5A92CC0B603}
	EndGlobalSection
EndGlobal
