
Microsoft Visual Studio Solution File, Format Version 12.00
# Visual Studio Version 17
VisualStudioVersion = 17.0.31903.59
MinimumVisualStudioVersion = 10.0.40219.1
Project("{FAE04EC0-301F-11D3-BF4B-00C04F79EFBC}") = "Task 1.1.5", "Task 1.1.5\Task 1.1.5.csproj", "{761E4AA2-B36C-4803-9719-67C152853A95}"
EndProject
Global
	GlobalSection(SolutionConfigurationPlatforms) = preSolution
		Debug|Any CPU = Debug|Any CPU
		Release|Any CPU = Release|Any CPU
	EndGlobalSection
	GlobalSection(ProjectConfigurationPlatforms) = postSolution
		{761E4AA2-B36C-4803-9719-67C152853A95}.Debug|Any CPU.ActiveCfg = Debug|Any CPU
		{761E4AA2-B36C-4803-9719-67C152853A95}.Debug|Any CPU.Build.0 = Debug|Any CPU
		{761E4AA2-B36C-4803-9719-67C152853A95}.Release|Any CPU.ActiveCfg = Release|Any CPU
		{761E4AA2-B36C-4803-9719-67C152853A95}.Release|Any CPU.Build.0 = Release|Any CPU
	EndGlobalSection
	GlobalSection(SolutionProperties) = preSolution
		HideSolutionNode = FALSE
	EndGlobalSection
	GlobalSection(ExtensibilityGlobals) = postSolution
		SolutionGuid = {1B219A64-207B-44F5-9913-0D47BF8BB217}
	EndGlobalSection
EndGlobal
